# THIS IS AN AUTOGENERATED FILE. DO NOT EDIT THIS FILE DIRECTLY.
# yarn lockfile v1


"@types/trusted-types@^2.0.7":
  version "2.0.7"
  resolved "https://registry.npmmirror.com/@types/trusted-types/-/trusted-types-2.0.7.tgz#baccb07a970b91707df3a3e8ba6896c57ead2d11"
  integrity sha512-ScaPdn1dQczgbl0QFTeTOmVHFULt394XJgOQNoyVhZ6r2vLnMLJfBPd53SB52T/3G36VI1/g2MZaX0cwDuXsfw==

dompurify@^3.2.6:
  version "3.2.6"
  resolved "https://registry.npmmirror.com/dompurify/-/dompurify-3.2.6.tgz#ca040a6ad2b88e2a92dc45f38c79f84a714a1cad"
  integrity sha512-/2GogDQlohXPZe6D6NOgQvXLPSYBqIWMnZ8zzOhn09REE4eyAzb+Hed3jhoM9OkuaJ8P6ZGTTVWQKAi8ieIzfQ==
  optionalDependencies:
    "@types/trusted-types" "^2.0.7"
